
Microsoft Visual Studio Solution File, Format Version 12.00
# Visual Studio Version 17
VisualStudioVersion = 17.2.32630.192
MinimumVisualStudioVersion = 10.0.40219.1
Project("{9A19103F-16F7-4668-BE54-9A1E7A4F7556}") = "VacanciesAPP", "VacanciesAPP\VacanciesAPP.csproj", "{EFE0F743-98E2-43F8-8CED-E5FB628B7748}"
EndProject
Project("{9A19103F-16F7-4668-BE54-9A1E7A4F7556}") = "BlazorProject", "BlazorProject\BlazorProject.csproj", "{2C393773-5828-48E9-8829-EE9CBABFFDAD}"
EndProject
Project("{9A19103F-16F7-4668-BE54-9A1E7A4F7556}") = "Application.WebAPI", "Application.WebAPI\Application.WebAPI.csproj", "{9F4BE684-E57E-466A-BB6D-8C54EB65335A}"
EndProject
Project("{54A90642-561A-4BB1-A94E-469ADEE60C69}") = "angularproject11", "angularproject11\angularproject11.esproj", "{9F4960F0-5AA1-446A-A60B-C49FFD558F5A}"
EndProject
Project("{FAE04EC0-301F-11D3-BF4B-00C04F79EFBC}") = "ConsoleApp1", "ConsoleApp1\ConsoleApp1.csproj", "{D119A127-0226-4ADD-B485-EB5896B325DE}"
EndProject
Global
	GlobalSection(SolutionConfigurationPlatforms) = preSolution
		Debug|Any CPU = Debug|Any CPU
		Release|Any CPU = Release|Any CPU
	EndGlobalSection
	GlobalSection(ProjectConfigurationPlatforms) = postSolution
		{EFE0F743-98E2-43F8-8CED-E5FB628B7748}.Debug|Any CPU.ActiveCfg = Debug|Any CPU
		{EFE0F743-98E2-43F8-8CED-E5FB628B7748}.Debug|Any CPU.Build.0 = Debug|Any CPU
		{EFE0F743-98E2-43F8-8CED-E5FB628B7748}.Release|Any CPU.ActiveCfg = Release|Any CPU
		{EFE0F743-98E2-43F8-8CED-E5FB628B7748}.Release|Any CPU.Build.0 = Release|Any CPU
		{2C393773-5828-48E9-8829-EE9CBABFFDAD}.Debug|Any CPU.ActiveCfg = Debug|Any CPU
		{2C393773-5828-48E9-8829-EE9CBABFFDAD}.Debug|Any CPU.Build.0 = Debug|Any CPU
		{2C393773-5828-48E9-8829-EE9CBABFFDAD}.Release|Any CPU.ActiveCfg = Release|Any CPU
		{2C393773-5828-48E9-8829-EE9CBABFFDAD}.Release|Any CPU.Build.0 = Release|Any CPU
		{9F4BE684-E57E-466A-BB6D-8C54EB65335A}.Debug|Any CPU.ActiveCfg = Debug|Any CPU
		{9F4BE684-E57E-466A-BB6D-8C54EB65335A}.Debug|Any CPU.Build.0 = Debug|Any CPU
		{9F4BE684-E57E-466A-BB6D-8C54EB65335A}.Release|Any CPU.ActiveCfg = Release|Any CPU
		{9F4BE684-E57E-466A-BB6D-8C54EB65335A}.Release|Any CPU.Build.0 = Release|Any CPU
		{9F4960F0-5AA1-446A-A60B-C49FFD558F5A}.Debug|Any CPU.ActiveCfg = Debug|Any CPU
		{9F4960F0-5AA1-446A-A60B-C49FFD558F5A}.Debug|Any CPU.Build.0 = Debug|Any CPU
		{9F4960F0-5AA1-446A-A60B-C49FFD558F5A}.Debug|Any CPU.Deploy.0 = Debug|Any CPU
		{9F4960F0-5AA1-446A-A60B-C49FFD558F5A}.Release|Any CPU.ActiveCfg = Release|Any CPU
		{9F4960F0-5AA1-446A-A60B-C49FFD558F5A}.Release|Any CPU.Build.0 = Release|Any CPU
		{9F4960F0-5AA1-446A-A60B-C49FFD558F5A}.Release|Any CPU.Deploy.0 = Release|Any CPU
		{D119A127-0226-4ADD-B485-EB5896B325DE}.Debug|Any CPU.ActiveCfg = Debug|Any CPU
		{D119A127-0226-4ADD-B485-EB5896B325DE}.Debug|Any CPU.Build.0 = Debug|Any CPU
		{D119A127-0226-4ADD-B485-EB5896B325DE}.Release|Any CPU.ActiveCfg = Release|Any CPU
		{D119A127-0226-4ADD-B485-EB5896B325DE}.Release|Any CPU.Build.0 = Release|Any CPU
	EndGlobalSection
	GlobalSection(SolutionProperties) = preSolution
		HideSolutionNode = FALSE
	EndGlobalSection
	GlobalSection(ExtensibilityGlobals) = postSolution
		SolutionGuid = {CC3B17DE-F91B-424A-8878-D50CA43B5B18}
	EndGlobalSection
EndGlobal
